
Microsoft Visual Studio Solution File, Format Version 12.00
# Visual Studio 2012
Project("{8BC9CEB8-8B4A-11D0-8D11-00A0C91BC942}") = "Enclave1", "Enclave1\Enclave1.vcxproj", "{B0B687B3-541E-45E7-9A15-D216C7EF9128}"
EndProject
Project("{8BC9CEB8-8B4A-11D0-8D11-00A0C91BC942}") = "Application1", "..\Application1\Application1.vcxproj", "{2786A20C-D0B5-4CC3-8E51-1FE2FB31B9AB}"
	ProjectSection(ProjectDependencies) = postProject
		{B0B687B3-541E-45E7-9A15-D216C7EF9128} = {B0B687B3-541E-45E7-9A15-D216C7EF9128}
	EndProjectSection
EndProject
Global
	GlobalSection(SolutionConfigurationPlatforms) = preSolution
		Debug|Win32 = Debug|Win32
		Prerelease|Win32 = Prerelease|Win32
		Release|Win32 = Release|Win32
		Simulation|Win32 = Simulation|Win32
	EndGlobalSection
	GlobalSection(ProjectConfigurationPlatforms) = postSolution
		{B0B687B3-541E-45E7-9A15-D216C7EF9128}.Debug|Win32.ActiveCfg = Release|Win32
		{B0B687B3-541E-45E7-9A15-D216C7EF9128}.Debug|Win32.Build.0 = Release|Win32
		{B0B687B3-541E-45E7-9A15-D216C7EF9128}.Prerelease|Win32.ActiveCfg = Prerelease|Win32
		{B0B687B3-541E-45E7-9A15-D216C7EF9128}.Prerelease|Win32.Build.0 = Prerelease|Win32
		{B0B687B3-541E-45E7-9A15-D216C7EF9128}.Release|Win32.ActiveCfg = Release|Win32
		{B0B687B3-541E-45E7-9A15-D216C7EF9128}.Release|Win32.Build.0 = Release|Win32
		{B0B687B3-541E-45E7-9A15-D216C7EF9128}.Simulation|Win32.ActiveCfg = Simulation|Win32
		{B0B687B3-541E-45E7-9A15-D216C7EF9128}.Simulation|Win32.Build.0 = Simulation|Win32
		{2786A20C-D0B5-4CC3-8E51-1FE2FB31B9AB}.Debug|Win32.ActiveCfg = Release|Win32
		{2786A20C-D0B5-4CC3-8E51-1FE2FB31B9AB}.Debug|Win32.Build.0 = Release|Win32
		{2786A20C-D0B5-4CC3-8E51-1FE2FB31B9AB}.Prerelease|Win32.ActiveCfg = Prerelease|Win32
		{2786A20C-D0B5-4CC3-8E51-1FE2FB31B9AB}.Prerelease|Win32.Build.0 = Prerelease|Win32
		{2786A20C-D0B5-4CC3-8E51-1FE2FB31B9AB}.Release|Win32.ActiveCfg = Release|Win32
		{2786A20C-D0B5-4CC3-8E51-1FE2FB31B9AB}.Release|Win32.Build.0 = Release|Win32
		{2786A20C-D0B5-4CC3-8E51-1FE2FB31B9AB}.Simulation|Win32.ActiveCfg = Simulation|Win32
		{2786A20C-D0B5-4CC3-8E51-1FE2FB31B9AB}.Simulation|Win32.Build.0 = Simulation|Win32
	EndGlobalSection
	GlobalSection(SolutionProperties) = preSolution
		HideSolutionNode = FALSE
	EndGlobalSection
EndGlobal
