<?xml version="1.0" encoding="utf-8"?>
<Project ToolsVersion="4.0" xmlns="http://schemas.microsoft.com/developer/msbuild/2003">
  <ItemGroup>
    <Filter Include="Generated Files">
      <UniqueIdentifier>{17278e55-f08e-468b-a162-fa3cbc299f95}</UniqueIdentifier>
    </Filter>
    <Filter Include="Source Files">
      <UniqueIdentifier>{f640f351-046c-4392-9657-c3ab899d7d20}</UniqueIdentifier>
      <Extensions>cpp;c;edl;def; .. and other options</Extensions>
    </Filter>
    <Filter Include="Header Files">
      <UniqueIdentifier>{f1f3ef4c-b66c-482e-8c65-d6f8dabb6961}</UniqueIdentifier>
      <Extensions>h;hpp; .. and other options</Extensions>
    </Filter>
    <Filter Include="Resource Files">
      <UniqueIdentifier>{10e4179c-ccec-4a05-a98e-21d032342754}</UniqueIdentifier>
      <Extensions>rc;xml;pem; .. and other options</Extensions>
    </Filter>
  </ItemGroup>
  <ItemGroup>
    <ClCompile Include="Enclave1_t.c">
      <Filter>Generated Files</Filter>
    </ClCompile>
    <ClCompile Include="Enclave1.cpp">
      <Filter>Source Files</Filter>
    </ClCompile>
    <ClCompile Include="bigintegeralgorithms.cpp">
      <Filter>Source Files</Filter>
    </ClCompile>
    <ClCompile Include="bigintegerutils.cpp">
      <Filter>Source Files</Filter>
    </ClCompile>
    <ClCompile Include="bigunsigned.cpp">
      <Filter>Source Files</Filter>
    </ClCompile>
    <ClCompile Include="bigunsignedbase.cpp">
      <Filter>Source Files</Filter>
    </ClCompile>
    <ClCompile Include="biginteger.cpp">
      <Filter>Source Files</Filter>
    </ClCompile>
  </ItemGroup>
  <ItemGroup>
    <ClInclude Include="Enclave1_t.h">
      <Filter>Generated Files</Filter>
    </ClInclude>
    <ClInclude Include="biginteger.h">
      <Filter>Header Files</Filter>
    </ClInclude>
    <ClInclude Include="NumberLikeArray.h">
      <Filter>Header Files</Filter>
    </ClInclude>
    <ClInclude Include="bigunsigned.h">
      <Filter>Header Files</Filter>
    </ClInclude>
    <ClInclude Include="bigintegeralgorithms.h">
      <Filter>Header Files</Filter>
    </ClInclude>
    <ClInclude Include="bigunsignedbase.h">
      <Filter>Header Files</Filter>
    </ClInclude>
    <ClInclude Include="bigintegerutils.h">
      <Filter>Header Files</Filter>
    </ClInclude>
    <ClInclude Include="bigintegerlibrary.h">
      <Filter>Header Files</Filter>
    </ClInclude>
  </ItemGroup>
  <ItemGroup>
    <None Include="Enclave1_private.pem">
      <Filter>Resource Files</Filter>
    </None>
  </ItemGroup>
  <ItemGroup>
    <Xml Include="Enclave1.config.xml">
      <Filter>Resource Files</Filter>
    </Xml>
  </ItemGroup>
  <ItemGroup>
    <Text Include="ReadMe.txt" />
  </ItemGroup>
  <ItemGroup>
    <CustomBuild Include="Enclave1.edl">
      <Filter>Source Files</Filter>
    </CustomBuild>
  </ItemGroup>
</Project>